// !$*UTF8*$!
{
	archiveVersion = 1;
	classes = {
	};
	objectVersion = 46;
	objects = {

/* Begin PBXBuildFile section */
		752D331C18CE4E4F00CAE524 /* Foundation.framework in Frameworks */ = {isa = PBXBuildFile; fileRef = 752D331B18CE4E4F00CAE524 /* Foundation.framework */; };
		752D331E18CE4E4F00CAE524 /* CoreGraphics.framework in Frameworks */ = {isa = PBXBuildFile; fileRef = 752D331D18CE4E4F00CAE524 /* CoreGraphics.framework */; };
		752D332018CE4E4F00CAE524 /* UIKit.framework in Frameworks */ = {isa = PBXBuildFile; fileRef = 752D331F18CE4E4F00CAE524 /* UIKit.framework */; };
		752D332618CE4E4F00CAE524 /* InfoPlist.strings in Resources */ = {isa = PBXBuildFile; fileRef = 752D332418CE4E4F00CAE524 /* InfoPlist.strings */; };
		752D332818CE4E4F00CAE524 /* main.m in Sources */ = {isa = PBXBuildFile; fileRef = 752D332718CE4E4F00CAE524 /* main.m */; };
		752D332C18CE4E4F00CAE524 /* AppDelegate.m in Sources */ = {isa = PBXBuildFile; fileRef = 752D332B18CE4E4F00CAE524 /* AppDelegate.m */; };
		752D332F18CE4E4F00CAE524 /* Main.storyboard in Resources */ = {isa = PBXBuildFile; fileRef = 752D332D18CE4E4F00CAE524 /* Main.storyboard */; };
		752D333218CE4E4F00CAE524 /* ViewController.m in Sources */ = {isa = PBXBuildFile; fileRef = 752D333118CE4E4F00CAE524 /* ViewController.m */; };
		752D333418CE4E4F00CAE524 /* Images.xcassets in Resources */ = {isa = PBXBuildFile; fileRef = 752D333318CE4E4F00CAE524 /* Images.xcassets */; };
		752D333B18CE4E4F00CAE524 /* XCTest.framework in Frameworks */ = {isa = PBXBuildFile; fileRef = 752D333A18CE4E4F00CAE524 /* XCTest.framework */; };
		752D333C18CE4E4F00CAE524 /* Foundation.framework in Frameworks */ = {isa = PBXBuildFile; fileRef = 752D331B18CE4E4F00CAE524 /* Foundation.framework */; };
		752D333D18CE4E4F00CAE524 /* UIKit.framework in Frameworks */ = {isa = PBXBuildFile; fileRef = 752D331F18CE4E4F00CAE524 /* UIKit.framework */; };
		752D334518CE4E4F00CAE524 /* InfoPlist.strings in Resources */ = {isa = PBXBuildFile; fileRef = 752D334318CE4E4F00CAE524 /* InfoPlist.strings */; };
		752D334718CE4E4F00CAE524 /* ProjetoContinuandoTests.m in Sources */ = {isa = PBXBuildFile; fileRef = 752D334618CE4E4F00CAE524 /* ProjetoContinuandoTests.m */; };
/* End PBXBuildFile section */

/* Begin PBXContainerItemProxy section */
		752D333E18CE4E4F00CAE524 /* PBXContainerItemProxy */ = {
			isa = PBXContainerItemProxy;
			containerPortal = 752D331018CE4E4F00CAE524 /* Project object */;
			proxyType = 1;
			remoteGlobalIDString = 752D331718CE4E4F00CAE524;
			remoteInfo = ProjetoContinuando;
		};
/* End PBXContainerItemProxy section */

/* Begin PBXFileReference section */
		752D331818CE4E4F00CAE524 /* ProjetoContinuando.app */ = {isa = PBXFileReference; explicitFileType = wrapper.application; includeInIndex = 0; path = ProjetoContinuando.app; sourceTree = BUILT_PRODUCTS_DIR; };
		752D331B18CE4E4F00CAE524 /* Foundation.framework */ = {isa = PBXFileReference; lastKnownFileType = wrapper.framework; name = Foundation.framework; path = System/Library/Frameworks/Foundation.framework; sourceTree = SDKROOT; };
		752D331D18CE4E4F00CAE524 /* CoreGraphics.framework */ = {isa = PBXFileReference; lastKnownFileType = wrapper.framework; name = CoreGraphics.framework; path = System/Library/Frameworks/CoreGraphics.framework; sourceTree = SDKROOT; };
		752D331F18CE4E4F00CAE524 /* UIKit.framework */ = {isa = PBXFileReference; lastKnownFileType = wrapper.framework; name = UIKit.framework; path = System/Library/Frameworks/UIKit.framework; sourceTree = SDKROOT; };
		752D332318CE4E4F00CAE524 /* ProjetoContinuando-Info.plist */ = {isa = PBXFileReference; lastKnownFileType = text.plist.xml; path = "ProjetoContinuando-Info.plist"; sourceTree = "<group>"; };
		752D332518CE4E4F00CAE524 /* en */ = {isa = PBXFileReference; lastKnownFileType = text.plist.strings; name = en; path = en.lproj/InfoPlist.strings; sourceTree = "<group>"; };
		752D332718CE4E4F00CAE524 /* main.m */ = {isa = PBXFileReference; lastKnownFileType = sourcecode.c.objc; path = main.m; sourceTree = "<group>"; };
		752D332918CE4E4F00CAE524 /* ProjetoContinuando-Prefix.pch */ = {isa = PBXFileReference; lastKnownFileType = sourcecode.c.h; path = "ProjetoContinuando-Prefix.pch"; sourceTree = "<group>"; };
		752D332A18CE4E4F00CAE524 /* AppDelegate.h */ = {isa = PBXFileReference; lastKnownFileType = sourcecode.c.h; path = AppDelegate.h; sourceTree = "<group>"; };
		752D332B18CE4E4F00CAE524 /* AppDelegate.m */ = {isa = PBXFileReference; lastKnownFileType = sourcecode.c.objc; path = AppDelegate.m; sourceTree = "<group>"; };
		752D332E18CE4E4F00CAE524 /* Base */ = {isa = PBXFileReference; lastKnownFileType = file.storyboard; name = Base; path = Base.lproj/Main.storyboard; sourceTree = "<group>"; };
		752D333018CE4E4F00CAE524 /* ViewController.h */ = {isa = PBXFileReference; lastKnownFileType = sourcecode.c.h; path = ViewController.h; sourceTree = "<group>"; };
		752D333118CE4E4F00CAE524 /* ViewController.m */ = {isa = PBXFileReference; lastKnownFileType = sourcecode.c.objc; path = ViewController.m; sourceTree = "<group>"; };
		752D333318CE4E4F00CAE524 /* Images.xcassets */ = {isa = PBXFileReference; lastKnownFileType = folder.assetcatalog; path = Images.xcassets; sourceTree = "<group>"; };
		752D333918CE4E4F00CAE524 /* ProjetoContinuandoTests.xctest */ = {isa = PBXFileReference; explicitFileType = wrapper.cfbundle; includeInIndex = 0; path = ProjetoContinuandoTests.xctest; sourceTree = BUILT_PRODUCTS_DIR; };
		752D333A18CE4E4F00CAE524 /* XCTest.framework */ = {isa = PBXFileReference; lastKnownFileType = wrapper.framework; name = XCTest.framework; path = Library/Frameworks/XCTest.framework; sourceTree = DEVELOPER_DIR; };
		752D334218CE4E4F00CAE524 /* ProjetoContinuandoTests-Info.plist */ = {isa = PBXFileReference; lastKnownFileType = text.plist.xml; path = "ProjetoContinuandoTests-Info.plist"; sourceTree = "<group>"; };
		752D334418CE4E4F00CAE524 /* en */ = {isa = PBXFileReference; lastKnownFileType = text.plist.strings; name = en; path = en.lproj/InfoPlist.strings; sourceTree = "<group>"; };
		752D334618CE4E4F00CAE524 /* ProjetoContinuandoTests.m */ = {isa = PBXFileReference; lastKnownFileType = sourcecode.c.objc; path = ProjetoContinuandoTests.m; sourceTree = "<group>"; };
/* End PBXFileReference section */

/* Begin PBXFrameworksBuildPhase section */
		752D331518CE4E4F00CAE524 /* Frameworks */ = {
			isa = PBXFrameworksBuildPhase;
			buildActionMask = 2147483647;
			files = (
				752D331E18CE4E4F00CAE524 /* CoreGraphics.framework in Frameworks */,
				752D332018CE4E4F00CAE524 /* UIKit.framework in Frameworks */,
				752D331C18CE4E4F00CAE524 /* Foundation.framework in Frameworks */,
			);
			runOnlyForDeploymentPostprocessing = 0;
		};
		752D333618CE4E4F00CAE524 /* Frameworks */ = {
			isa = PBXFrameworksBuildPhase;
			buildActionMask = 2147483647;
			files = (
				752D333B18CE4E4F00CAE524 /* XCTest.framework in Frameworks */,
				752D333D18CE4E4F00CAE524 /* UIKit.framework in Frameworks */,
				752D333C18CE4E4F00CAE524 /* Foundation.framework in Frameworks */,
			);
			runOnlyForDeploymentPostprocessing = 0;
		};
/* End PBXFrameworksBuildPhase section */

/* Begin PBXGroup section */
		752D330F18CE4E4F00CAE524 = {
			isa = PBXGroup;
			children = (
				752D332118CE4E4F00CAE524 /* ProjetoContinuando */,
				752D334018CE4E4F00CAE524 /* ProjetoContinuandoTests */,
				752D331A18CE4E4F00CAE524 /* Frameworks */,
				752D331918CE4E4F00CAE524 /* Products */,
			);
			sourceTree = "<group>";
		};
		752D331918CE4E4F00CAE524 /* Products */ = {
			isa = PBXGroup;
			children = (
				752D331818CE4E4F00CAE524 /* ProjetoContinuando.app */,
				752D333918CE4E4F00CAE524 /* ProjetoContinuandoTests.xctest */,
			);
			name = Products;
			sourceTree = "<group>";
		};
		752D331A18CE4E4F00CAE524 /* Frameworks */ = {
			isa = PBXGroup;
			children = (
				752D331B18CE4E4F00CAE524 /* Foundation.framework */,
				752D331D18CE4E4F00CAE524 /* CoreGraphics.framework */,
				752D331F18CE4E4F00CAE524 /* UIKit.framework */,
				752D333A18CE4E4F00CAE524 /* XCTest.framework */,
			);
			name = Frameworks;
			sourceTree = "<group>";
		};
		752D332118CE4E4F00CAE524 /* ProjetoContinuando */ = {
			isa = PBXGroup;
			children = (
				752D332A18CE4E4F00CAE524 /* AppDelegate.h */,
				752D332B18CE4E4F00CAE524 /* AppDelegate.m */,
				752D332D18CE4E4F00CAE524 /* Main.storyboard */,
				752D333018CE4E4F00CAE524 /* ViewController.h */,
				752D333118CE4E4F00CAE524 /* ViewController.m */,
				752D333318CE4E4F00CAE524 /* Images.xcassets */,
				752D332218CE4E4F00CAE524 /* Supporting Files */,
			);
			path = ProjetoContinuando;
			sourceTree = "<group>";
		};
		752D332218CE4E4F00CAE524 /* Supporting Files */ = {
			isa = PBXGroup;
			children = (
				752D332318CE4E4F00CAE524 /* ProjetoContinuando-Info.plist */,
				752D332418CE4E4F00CAE524 /* InfoPlist.strings */,
				752D332718CE4E4F00CAE524 /* main.m */,
				752D332918CE4E4F00CAE524 /* ProjetoContinuando-Prefix.pch */,
			);
			name = "Supporting Files";
			sourceTree = "<group>";
		};
		752D334018CE4E4F00CAE524 /* ProjetoContinuandoTests */ = {
			isa = PBXGroup;
			children = (
				752D334618CE4E4F00CAE524 /* ProjetoContinuandoTests.m */,
				752D334118CE4E4F00CAE524 /* Supporting Files */,
			);
			path = ProjetoContinuandoTests;
			sourceTree = "<group>";
		};
		752D334118CE4E4F00CAE524 /* Supporting Files */ = {
			isa = PBXGroup;
			children = (
				752D334218CE4E4F00CAE524 /* ProjetoContinuandoTests-Info.plist */,
				752D334318CE4E4F00CAE524 /* InfoPlist.strings */,
			);
			name = "Supporting Files";
			sourceTree = "<group>";
		};
/* End PBXGroup section */

/* Begin PBXNativeTarget section */
		752D331718CE4E4F00CAE524 /* ProjetoContinuando */ = {
			isa = PBXNativeTarget;
			buildConfigurationList = 752D334A18CE4E4F00CAE524 /* Build configuration list for PBXNativeTarget "ProjetoContinuando" */;
			buildPhases = (
				752D331418CE4E4F00CAE524 /* Sources */,
				752D331518CE4E4F00CAE524 /* Frameworks */,
				752D331618CE4E4F00CAE524 /* Resources */,
			);
			buildRules = (
			);
			dependencies = (
			);
			name = ProjetoContinuando;
			productName = ProjetoContinuando;
			productReference = 752D331818CE4E4F00CAE524 /* ProjetoContinuando.app */;
			productType = "com.apple.product-type.application";
		};
		752D333818CE4E4F00CAE524 /* ProjetoContinuandoTests */ = {
			isa = PBXNativeTarget;
			buildConfigurationList = 752D334D18CE4E4F00CAE524 /* Build configuration list for PBXNativeTarget "ProjetoContinuandoTests" */;
			buildPhases = (
				752D333518CE4E4F00CAE524 /* Sources */,
				752D333618CE4E4F00CAE524 /* Frameworks */,
				752D333718CE4E4F00CAE524 /* Resources */,
			);
			buildRules = (
			);
			dependencies = (
				752D333F18CE4E4F00CAE524 /* PBXTargetDependency */,
			);
			name = ProjetoContinuandoTests;
			productName = ProjetoContinuandoTests;
			productReference = 752D333918CE4E4F00CAE524 /* ProjetoContinuandoTests.xctest */;
			productType = "com.apple.product-type.bundle.unit-test";
		};
/* End PBXNativeTarget section */

/* Begin PBXProject section */
		752D331018CE4E4F00CAE524 /* Project object */ = {
			isa = PBXProject;
			attributes = {
				LastUpgradeCheck = 0500;
				ORGANIZATIONNAME = "FELIPE TEOFILO SOUZA SANTOS";
				TargetAttributes = {
					752D333818CE4E4F00CAE524 = {
						TestTargetID = 752D331718CE4E4F00CAE524;
					};
				};
			};
			buildConfigurationList = 752D331318CE4E4F00CAE524 /* Build configuration list for PBXProject "ProjetoContinuando" */;
			compatibilityVersion = "Xcode 3.2";
			developmentRegion = English;
			hasScannedForEncodings = 0;
			knownRegions = (
				en,
				Base,
			);
			mainGroup = 752D330F18CE4E4F00CAE524;
			productRefGroup = 752D331918CE4E4F00CAE524 /* Products */;
			projectDirPath = "";
			projectRoot = "";
			targets = (
				752D331718CE4E4F00CAE524 /* ProjetoContinuando */,
				752D333818CE4E4F00CAE524 /* ProjetoContinuandoTests */,
			);
		};
/* End PBXProject section */

/* Begin PBXResourcesBuildPhase section */
		752D331618CE4E4F00CAE524 /* Resources */ = {
			isa = PBXResourcesBuildPhase;
			buildActionMask = 2147483647;
			files = (
				752D333418CE4E4F00CAE524 /* Images.xcassets in Resources */,
				752D332618CE4E4F00CAE524 /* InfoPlist.strings in Resources */,
				752D332F18CE4E4F00CAE524 /* Main.storyboard in Resources */,
			);
			runOnlyForDeploymentPostprocessing = 0;
		};
		752D333718CE4E4F00CAE524 /* Resources */ = {
			isa = PBXResourcesBuildPhase;
			buildActionMask = 2147483647;
			files = (
				752D334518CE4E4F00CAE524 /* InfoPlist.strings in Resources */,
			);
			runOnlyForDeploymentPostprocessing = 0;
		};
/* End PBXResourcesBuildPhase section */

/* Begin PBXSourcesBuildPhase section */
		752D331418CE4E4F00CAE524 /* Sources */ = {
			isa = PBXSourcesBuildPhase;
			buildActionMask = 2147483647;
			files = (
				752D333218CE4E4F00CAE524 /* ViewController.m in Sources */,
				752D332C18CE4E4F00CAE524 /* AppDelegate.m in Sources */,
				752D332818CE4E4F00CAE524 /* main.m in Sources */,
			);
			runOnlyForDeploymentPostprocessing = 0;
		};
		752D333518CE4E4F00CAE524 /* Sources */ = {
			isa = PBXSourcesBuildPhase;
			buildActionMask = 2147483647;
			files = (
				752D334718CE4E4F00CAE524 /* ProjetoContinuandoTests.m in Sources */,
			);
			runOnlyForDeploymentPostprocessing = 0;
		};
/* End PBXSourcesBuildPhase section */

/* Begin PBXTargetDependency section */
		752D333F18CE4E4F00CAE524 /* PBXTargetDependency */ = {
			isa = PBXTargetDependency;
			target = 752D331718CE4E4F00CAE524 /* ProjetoContinuando */;
			targetProxy = 752D333E18CE4E4F00CAE524 /* PBXContainerItemProxy */;
		};
/* End PBXTargetDependency section */

/* Begin PBXVariantGroup section */
		752D332418CE4E4F00CAE524 /* InfoPlist.strings */ = {
			isa = PBXVariantGroup;
			children = (
				752D332518CE4E4F00CAE524 /* en */,
			);
			name = InfoPlist.strings;
			sourceTree = "<group>";
		};
		752D332D18CE4E4F00CAE524 /* Main.storyboard */ = {
			isa = PBXVariantGroup;
			children = (
				752D332E18CE4E4F00CAE524 /* Base */,
			);
			name = Main.storyboard;
			sourceTree = "<group>";
		};
		752D334318CE4E4F00CAE524 /* InfoPlist.strings */ = {
			isa = PBXVariantGroup;
			children = (
				752D334418CE4E4F00CAE524 /* en */,
			);
			name = InfoPlist.strings;
			sourceTree = "<group>";
		};
/* End PBXVariantGroup section */

/* Begin XCBuildConfiguration section */
		752D334818CE4E4F00CAE524 /* Debug */ = {
			isa = XCBuildConfiguration;
			buildSettings = {
				ALWAYS_SEARCH_USER_PATHS = NO;
				ARCHS = "$(ARCHS_STANDARD_INCLUDING_64_BIT)";
				CLANG_CXX_LANGUAGE_STANDARD = "gnu++0x";
				CLANG_CXX_LIBRARY = "libc++";
				CLANG_ENABLE_MODULES = YES;
				CLANG_ENABLE_OBJC_ARC = YES;
				CLANG_WARN_BOOL_CONVERSION = YES;
				CLANG_WARN_CONSTANT_CONVERSION = YES;
				CLANG_WARN_DIRECT_OBJC_ISA_USAGE = YES_ERROR;
				CLANG_WARN_EMPTY_BODY = YES;
				CLANG_WARN_ENUM_CONVERSION = YES;
				CLANG_WARN_INT_CONVERSION = YES;
				CLANG_WARN_OBJC_ROOT_CLASS = YES_ERROR;
				CLANG_WARN__DUPLICATE_METHOD_MATCH = YES;
				"CODE_SIGN_IDENTITY[sdk=iphoneos*]" = "iPhone Developer";
				COPY_PHASE_STRIP = NO;
				GCC_C_LANGUAGE_STANDARD = gnu99;
				GCC_DYNAMIC_NO_PIC = NO;
				GCC_OPTIMIZATION_LEVEL = 0;
				GCC_PREPROCESSOR_DEFINITIONS = (
					"DEBUG=1",
					"$(inherited)",
				);
				GCC_SYMBOLS_PRIVATE_EXTERN = NO;
				GCC_WARN_64_TO_32_BIT_CONVERSION = YES;
				GCC_WARN_ABOUT_RETURN_TYPE = YES_ERROR;
				GCC_WARN_UNDECLARED_SELECTOR = YES;
				GCC_WARN_UNINITIALIZED_AUTOS = YES;
				GCC_WARN_UNUSED_FUNCTION = YES;
				GCC_WARN_UNUSED_VARIABLE = YES;
				IPHONEOS_DEPLOYMENT_TARGET = 7.0;
				ONLY_ACTIVE_ARCH = YES;
				SDKROOT = iphoneos;
			};
			name = Debug;
		};
		752D334918CE4E4F00CAE524 /* Release */ = {
			isa = XCBuildConfiguration;
			buildSettings = {
				ALWAYS_SEARCH_USER_PATHS = NO;
				ARCHS = "$(ARCHS_STANDARD_INCLUDING_64_BIT)";
				CLANG_CXX_LANGUAGE_STANDARD = "gnu++0x";
				CLANG_CXX_LIBRARY = "libc++";
				CLANG_ENABLE_MODULES = YES;
				CLANG_ENABLE_OBJC_ARC = YES;
				CLANG_WARN_BOOL_CONVERSION = YES;
				CLANG_WARN_CONSTANT_CONVERSION = YES;
				CLANG_WARN_DIRECT_OBJC_ISA_USAGE = YES_ERROR;
				CLANG_WARN_EMPTY_BODY = YES;
				CLANG_WARN_ENUM_CONVERSION = YES;
				CLANG_WARN_INT_CONVERSION = YES;
				CLANG_WARN_OBJC_ROOT_CLASS = YES_ERROR;
				CLANG_WARN__DUPLICATE_METHOD_MATCH = YES;
				"CODE_SIGN_IDENTITY[sdk=iphoneos*]" = "iPhone Developer";
				COPY_PHASE_STRIP = YES;
				ENABLE_NS_ASSERTIONS = NO;
				GCC_C_LANGUAGE_STANDARD = gnu99;
				GCC_WARN_64_TO_32_BIT_CONVERSION = YES;
				GCC_WARN_ABOUT_RETURN_TYPE = YES_ERROR;
				GCC_WARN_UNDECLARED_SELECTOR = YES;
				GCC_WARN_UNINITIALIZED_AUTOS = YES;
				GCC_WARN_UNUSED_FUNCTION = YES;
				GCC_WARN_UNUSED_VARIABLE = YES;
				IPHONEOS_DEPLOYMENT_TARGET = 7.0;
				SDKROOT = iphoneos;
				VALIDATE_PRODUCT = YES;
			};
			name = Release;
		};
		752D334B18CE4E4F00CAE524 /* Debug */ = {
			isa = XCBuildConfiguration;
			buildSettings = {
				ASSETCATALOG_COMPILER_APPICON_NAME = AppIcon;
				ASSETCATALOG_COMPILER_LAUNCHIMAGE_NAME = LaunchImage;
				GCC_PRECOMPILE_PREFIX_HEADER = YES;
				GCC_PREFIX_HEADER = "ProjetoContinuando/ProjetoContinuando-Prefix.pch";
				INFOPLIST_FILE = "ProjetoContinuando/ProjetoContinuando-Info.plist";
				PRODUCT_NAME = "$(TARGET_NAME)";
				WRAPPER_EXTENSION = app;
			};
			name = Debug;
		};
		752D334C18CE4E4F00CAE524 /* Release */ = {
			isa = XCBuildConfiguration;
			buildSettings = {
				ASSETCATALOG_COMPILER_APPICON_NAME = AppIcon;
				ASSETCATALOG_COMPILER_LAUNCHIMAGE_NAME = LaunchImage;
				GCC_PRECOMPILE_PREFIX_HEADER = YES;
				GCC_PREFIX_HEADER = "ProjetoContinuando/ProjetoContinuando-Prefix.pch";
				INFOPLIST_FILE = "ProjetoContinuando/ProjetoContinuando-Info.plist";
				PRODUCT_NAME = "$(TARGET_NAME)";
				WRAPPER_EXTENSION = app;
			};
			name = Release;
		};
		752D334E18CE4E4F00CAE524 /* Debug */ = {
			isa = XCBuildConfiguration;
			buildSettings = {
				ARCHS = "$(ARCHS_STANDARD_INCLUDING_64_BIT)";
				BUNDLE_LOADER = "$(BUILT_PRODUCTS_DIR)/ProjetoContinuando.app/ProjetoContinuando";
				FRAMEWORK_SEARCH_PATHS = (
					"$(SDKROOT)/Developer/Library/Frameworks",
					"$(inherited)",
					"$(DEVELOPER_FRAMEWORKS_DIR)",
				);
				GCC_PRECOMPILE_PREFIX_HEADER = YES;
				GCC_PREFIX_HEADER = "ProjetoContinuando/ProjetoContinuando-Prefix.pch";
				GCC_PREPROCESSOR_DEFINITIONS = (
					"DEBUG=1",
					"$(inherited)",
				);
				INFOPLIST_FILE = "ProjetoContinuandoTests/ProjetoContinuandoTests-Info.plist";
				PRODUCT_NAME = "$(TARGET_NAME)";
				TEST_HOST = "$(BUNDLE_LOADER)";
				WRAPPER_EXTENSION = xctest;
			};
			name = Debug;
		};
		752D334F18CE4E4F00CAE524 /* Release */ = {
			isa = XCBuildConfiguration;
			buildSettings = {
				ARCHS = "$(ARCHS_STANDARD_INCLUDING_64_BIT)";
				BUNDLE_LOADER = "$(BUILT_PRODUCTS_DIR)/ProjetoContinuando.app/ProjetoContinuando";
				FRAMEWORK_SEARCH_PATHS = (
					"$(SDKROOT)/Developer/Library/Frameworks",
					"$(inherited)",
					"$(DEVELOPER_FRAMEWORKS_DIR)",
				);
				GCC_PRECOMPILE_PREFIX_HEADER = YES;
				GCC_PREFIX_HEADER = "ProjetoContinuando/ProjetoContinuando-Prefix.pch";
				INFOPLIST_FILE = "ProjetoContinuandoTests/ProjetoContinuandoTests-Info.plist";
				PRODUCT_NAME = "$(TARGET_NAME)";
				TEST_HOST = "$(BUNDLE_LOADER)";
				WRAPPER_EXTENSION = xctest;
			};
			name = Release;
		};
/* End XCBuildConfiguration section */

/* Begin XCConfigurationList section */
		752D331318CE4E4F00CAE524 /* Build configuration list for PBXProject "ProjetoContinuando" */ = {
			isa = XCConfigurationList;
			buildConfigurations = (
				752D334818CE4E4F00CAE524 /* Debug */,
				752D334918CE4E4F00CAE524 /* Release */,
			);
			defaultConfigurationIsVisible = 0;
			defaultConfigurationName = Release;
		};
		752D334A18CE4E4F00CAE524 /* Build configuration list for PBXNativeTarget "ProjetoContinuando" */ = {
			isa = XCConfigurationList;
			buildConfigurations = (
				752D334B18CE4E4F00CAE524 /* Debug */,
				752D334C18CE4E4F00CAE524 /* Release */,
			);
			defaultConfigurationIsVisible = 0;
		};
		752D334D18CE4E4F00CAE524 /* Build configuration list for PBXNativeTarget "ProjetoContinuandoTests" */ = {
			isa = XCConfigurationList;
			buildConfigurations = (
				752D334E18CE4E4F00CAE524 /* Debug */,
				752D334F18CE4E4F00CAE524 /* Release */,
			);
			defaultConfigurationIsVisible = 0;
		};
/* End XCConfigurationList section */
	};
	rootObject = 752D331018CE4E4F00CAE524 /* Project object */;
}
